{
  "name": "pgen",
  "version": "1.0.0",
  "lockfileVersion": 1,
  "requires": true,
  "dependencies": {
    "generate-password": {
      "version": "1.5.1",
      "resolved": "https://registry.npmjs.org/generate-password/-/generate-password-1.5.1.tgz",
      "integrity": "sha512-XdsyfiF4mKoOEuzA44w9jSNav50zOurdWOV3V8DbA7SJIxR3Xm9ob14HKYTnMQOPX3ylqiJMnQF0wEa8gXZIMw=="
    }
  }
}
